
Microsoft Visual Studio Solution File, Format Version 12.00
# Visual Studio 15
VisualStudioVersion = 15.0.28307.757
MinimumVisualStudioVersion = 10.0.40219.1
Project("{FAE04EC0-301F-11D3-BF4B-00C04F79EFBC}") = "Interfaces", "Interfaces\Interfaces.csproj", "{6A78A2FB-4067-46F2-8720-265420DC6A4A}"
EndProject
Project("{FAE04EC0-301F-11D3-BF4B-00C04F79EFBC}") = "Enumeration", "Enumeration\Enumeration.csproj", "{A02A47FE-AB9F-4FF1-B116-F0075003B48E}"
EndProject
Project("{FAE04EC0-301F-11D3-BF4B-00C04F79EFBC}") = "ArrayAssignment", "ArrayAssignment\ArrayAssignment.csproj", "{B9C614AA-AED2-4CB3-A25E-3A4D2D817ECA}"
EndProject
Project("{FAE04EC0-301F-11D3-BF4B-00C04F79EFBC}") = "IFElseAssignment", "IFElseAssignment\IFElseAssignment.csproj", "{5029CEAD-050B-40D2-AC5D-A0E95B80BCD7}"
EndProject
Project("{FAE04EC0-301F-11D3-BF4B-00C04F79EFBC}") = "SwithStatementAssignment", "SwithStatementAssignment\SwithStatementAssignment.csproj", "{A882DD59-23EF-4935-B014-CAE7BC986E52}"
EndProject
Project("{FAE04EC0-301F-11D3-BF4B-00C04F79EFBC}") = "IterationStatement", "IterationStatement\IterationStatement.csproj", "{84D17B74-3532-438D-B946-9A959C3C6324}"
EndProject
Project("{FAE04EC0-301F-11D3-BF4B-00C04F79EFBC}") = "Classes", "Classes\Classes.csproj", "{8073285F-796F-437F-BF20-BE3821C0C83E}"
EndProject
Project("{FAE04EC0-301F-11D3-BF4B-00C04F79EFBC}") = "ConstructorAssignment", "ConstructorAssignment\ConstructorAssignment.csproj", "{76AEC3BB-4EF3-49DF-808B-4D469EE97F69}"
EndProject
Project("{FAE04EC0-301F-11D3-BF4B-00C04F79EFBC}") = "PropertiesAssignment", "PropertiesAssignment\PropertiesAssignment.csproj", "{2F9FF807-E7E4-4F2B-8959-D2FB32FEF840}"
EndProject
Project("{FAE04EC0-301F-11D3-BF4B-00C04F79EFBC}") = "AccessModifierAssignment", "AccessModifierAssignment\AccessModifierAssignment.csproj", "{4EA45A3E-A931-4B52-A6AD-F5ED6DD51968}"
EndProject
Project("{FAE04EC0-301F-11D3-BF4B-00C04F79EFBC}") = "AccessModifierAssignment2", "AccessModifierAssignment2\AccessModifierAssignment2.csproj", "{E86A621A-79C1-42A8-A3E6-AD93DDC5AA62}"
EndProject
Project("{FAE04EC0-301F-11D3-BF4B-00C04F79EFBC}") = "InheritanceAssignment", "InheritanceAssignment\InheritanceAssignment.csproj", "{B7124041-359F-4B5D-BDA6-C177096C926C}"
EndProject
Project("{FAE04EC0-301F-11D3-BF4B-00C04F79EFBC}") = "Composition", "Composition\Composition.csproj", "{2D75105F-8327-4DB6-A698-066ECC1DBB38}"
EndProject
Global
	GlobalSection(SolutionConfigurationPlatforms) = preSolution
		Debug|Any CPU = Debug|Any CPU
		Release|Any CPU = Release|Any CPU
	EndGlobalSection
	GlobalSection(ProjectConfigurationPlatforms) = postSolution
		{6A78A2FB-4067-46F2-8720-265420DC6A4A}.Debug|Any CPU.ActiveCfg = Debug|Any CPU
		{6A78A2FB-4067-46F2-8720-265420DC6A4A}.Debug|Any CPU.Build.0 = Debug|Any CPU
		{6A78A2FB-4067-46F2-8720-265420DC6A4A}.Release|Any CPU.ActiveCfg = Release|Any CPU
		{6A78A2FB-4067-46F2-8720-265420DC6A4A}.Release|Any CPU.Build.0 = Release|Any CPU
		{A02A47FE-AB9F-4FF1-B116-F0075003B48E}.Debug|Any CPU.ActiveCfg = Debug|Any CPU
		{A02A47FE-AB9F-4FF1-B116-F0075003B48E}.Debug|Any CPU.Build.0 = Debug|Any CPU
		{A02A47FE-AB9F-4FF1-B116-F0075003B48E}.Release|Any CPU.ActiveCfg = Release|Any CPU
		{A02A47FE-AB9F-4FF1-B116-F0075003B48E}.Release|Any CPU.Build.0 = Release|Any CPU
		{B9C614AA-AED2-4CB3-A25E-3A4D2D817ECA}.Debug|Any CPU.ActiveCfg = Debug|Any CPU
		{B9C614AA-AED2-4CB3-A25E-3A4D2D817ECA}.Debug|Any CPU.Build.0 = Debug|Any CPU
		{B9C614AA-AED2-4CB3-A25E-3A4D2D817ECA}.Release|Any CPU.ActiveCfg = Release|Any CPU
		{B9C614AA-AED2-4CB3-A25E-3A4D2D817ECA}.Release|Any CPU.Build.0 = Release|Any CPU
		{5029CEAD-050B-40D2-AC5D-A0E95B80BCD7}.Debug|Any CPU.ActiveCfg = Debug|Any CPU
		{5029CEAD-050B-40D2-AC5D-A0E95B80BCD7}.Debug|Any CPU.Build.0 = Debug|Any CPU
		{5029CEAD-050B-40D2-AC5D-A0E95B80BCD7}.Release|Any CPU.ActiveCfg = Release|Any CPU
		{5029CEAD-050B-40D2-AC5D-A0E95B80BCD7}.Release|Any CPU.Build.0 = Release|Any CPU
		{A882DD59-23EF-4935-B014-CAE7BC986E52}.Debug|Any CPU.ActiveCfg = Debug|Any CPU
		{A882DD59-23EF-4935-B014-CAE7BC986E52}.Debug|Any CPU.Build.0 = Debug|Any CPU
		{A882DD59-23EF-4935-B014-CAE7BC986E52}.Release|Any CPU.ActiveCfg = Release|Any CPU
		{A882DD59-23EF-4935-B014-CAE7BC986E52}.Release|Any CPU.Build.0 = Release|Any CPU
		{84D17B74-3532-438D-B946-9A959C3C6324}.Debug|Any CPU.ActiveCfg = Debug|Any CPU
		{84D17B74-3532-438D-B946-9A959C3C6324}.Debug|Any CPU.Build.0 = Debug|Any CPU
		{84D17B74-3532-438D-B946-9A959C3C6324}.Release|Any CPU.ActiveCfg = Release|Any CPU
		{84D17B74-3532-438D-B946-9A959C3C6324}.Release|Any CPU.Build.0 = Release|Any CPU
		{8073285F-796F-437F-BF20-BE3821C0C83E}.Debug|Any CPU.ActiveCfg = Debug|Any CPU
		{8073285F-796F-437F-BF20-BE3821C0C83E}.Debug|Any CPU.Build.0 = Debug|Any CPU
		{8073285F-796F-437F-BF20-BE3821C0C83E}.Release|Any CPU.ActiveCfg = Release|Any CPU
		{8073285F-796F-437F-BF20-BE3821C0C83E}.Release|Any CPU.Build.0 = Release|Any CPU
		{76AEC3BB-4EF3-49DF-808B-4D469EE97F69}.Debug|Any CPU.ActiveCfg = Debug|Any CPU
		{76AEC3BB-4EF3-49DF-808B-4D469EE97F69}.Debug|Any CPU.Build.0 = Debug|Any CPU
		{76AEC3BB-4EF3-49DF-808B-4D469EE97F69}.Release|Any CPU.ActiveCfg = Release|Any CPU
		{76AEC3BB-4EF3-49DF-808B-4D469EE97F69}.Release|Any CPU.Build.0 = Release|Any CPU
		{2F9FF807-E7E4-4F2B-8959-D2FB32FEF840}.Debug|Any CPU.ActiveCfg = Debug|Any CPU
		{2F9FF807-E7E4-4F2B-8959-D2FB32FEF840}.Debug|Any CPU.Build.0 = Debug|Any CPU
		{2F9FF807-E7E4-4F2B-8959-D2FB32FEF840}.Release|Any CPU.ActiveCfg = Release|Any CPU
		{2F9FF807-E7E4-4F2B-8959-D2FB32FEF840}.Release|Any CPU.Build.0 = Release|Any CPU
		{4EA45A3E-A931-4B52-A6AD-F5ED6DD51968}.Debug|Any CPU.ActiveCfg = Debug|Any CPU
		{4EA45A3E-A931-4B52-A6AD-F5ED6DD51968}.Debug|Any CPU.Build.0 = Debug|Any CPU
		{4EA45A3E-A931-4B52-A6AD-F5ED6DD51968}.Release|Any CPU.ActiveCfg = Release|Any CPU
		{4EA45A3E-A931-4B52-A6AD-F5ED6DD51968}.Release|Any CPU.Build.0 = Release|Any CPU
		{E86A621A-79C1-42A8-A3E6-AD93DDC5AA62}.Debug|Any CPU.ActiveCfg = Debug|Any CPU
		{E86A621A-79C1-42A8-A3E6-AD93DDC5AA62}.Debug|Any CPU.Build.0 = Debug|Any CPU
		{E86A621A-79C1-42A8-A3E6-AD93DDC5AA62}.Release|Any CPU.ActiveCfg = Release|Any CPU
		{E86A621A-79C1-42A8-A3E6-AD93DDC5AA62}.Release|Any CPU.Build.0 = Release|Any CPU
		{B7124041-359F-4B5D-BDA6-C177096C926C}.Debug|Any CPU.ActiveCfg = Debug|Any CPU
		{B7124041-359F-4B5D-BDA6-C177096C926C}.Debug|Any CPU.Build.0 = Debug|Any CPU
		{B7124041-359F-4B5D-BDA6-C177096C926C}.Release|Any CPU.ActiveCfg = Release|Any CPU
		{B7124041-359F-4B5D-BDA6-C177096C926C}.Release|Any CPU.Build.0 = Release|Any CPU
		{2D75105F-8327-4DB6-A698-066ECC1DBB38}.Debug|Any CPU.ActiveCfg = Debug|Any CPU
		{2D75105F-8327-4DB6-A698-066ECC1DBB38}.Debug|Any CPU.Build.0 = Debug|Any CPU
		{2D75105F-8327-4DB6-A698-066ECC1DBB38}.Release|Any CPU.ActiveCfg = Release|Any CPU
		{2D75105F-8327-4DB6-A698-066ECC1DBB38}.Release|Any CPU.Build.0 = Release|Any CPU
	EndGlobalSection
	GlobalSection(SolutionProperties) = preSolution
		HideSolutionNode = FALSE
	EndGlobalSection
	GlobalSection(ExtensibilityGlobals) = postSolution
		SolutionGuid = {A0E86ACB-E93F-4BF3-B4EB-9E585074C79E}
	EndGlobalSection
EndGlobal
